# This file is automatically @generated by Cargo.
# It is not intended for manual editing.
[[package]]
name = "aho-corasick"
version = "0.7.6"
source = "registry+https://github.com/rust-lang/crates.io-index"
dependencies = [
 "memchr 2.2.1 (registry+https://github.com/rust-lang/crates.io-index)",
]

[[package]]
name = "arrayvec"
version = "0.4.12"
source = "registry+https://github.com/rust-lang/crates.io-index"
dependencies = [
 "nodrop 0.1.14 (registry+https://github.com/rust-lang/crates.io-index)",
]

[[package]]
name = "bitset"
version = "0.1.0"
source = "git+https://github.com/MashPlant/bitset#a20d7b5413374c402e600f148df23631e90732da"

[[package]]
name = "cfg-if"
version = "0.1.10"
source = "registry+https://github.com/rust-lang/crates.io-index"

[[package]]
name = "ebnf-gen"
version = "0.1.0"
dependencies = [
 "parser-macros 0.1.0 (git+https://github.com/MashPlant/lalr1)",
 "typed-arena 1.6.1 (registry+https://github.com/rust-lang/crates.io-index)",
]

[[package]]
name = "grammar-config"
version = "0.1.0"
source = "git+https://github.com/MashPlant/lalr1#f2d914218571c7aed4021ab1d259195d7a0de885"
dependencies = [
 "hashbrown 0.5.0 (registry+https://github.com/rust-lang/crates.io-index)",
 "indexmap 1.2.0 (registry+https://github.com/rust-lang/crates.io-index)",
 "serde 1.0.101 (registry+https://github.com/rust-lang/crates.io-index)",
 "serde_derive 1.0.101 (registry+https://github.com/rust-lang/crates.io-index)",
 "smallvec 0.6.10 (registry+https://github.com/rust-lang/crates.io-index)",
]

[[package]]
name = "hashbrown"
version = "0.5.0"
source = "registry+https://github.com/rust-lang/crates.io-index"

[[package]]
name = "indexmap"
version = "1.2.0"
source = "registry+https://github.com/rust-lang/crates.io-index"
dependencies = [
 "serde 1.0.101 (registry+https://github.com/rust-lang/crates.io-index)",
]

[[package]]
name = "lalr1-core"
version = "0.1.0"
source = "git+https://github.com/MashPlant/lalr1#f2d914218571c7aed4021ab1d259195d7a0de885"
dependencies = [
 "bitset 0.1.0 (git+https://github.com/MashPlant/bitset)",
 "grammar-config 0.1.0 (git+https://github.com/MashPlant/lalr1)",
 "hashbrown 0.5.0 (registry+https://github.com/rust-lang/crates.io-index)",
 "ll1-core 0.1.0 (git+https://github.com/MashPlant/lalr1)",
 "smallvec 0.6.10 (registry+https://github.com/rust-lang/crates.io-index)",
]

[[package]]
name = "lexical-core"
version = "0.4.6"
source = "registry+https://github.com/rust-lang/crates.io-index"
dependencies = [
 "arrayvec 0.4.12 (registry+https://github.com/rust-lang/crates.io-index)",
 "cfg-if 0.1.10 (registry+https://github.com/rust-lang/crates.io-index)",
 "rustc_version 0.2.3 (registry+https://github.com/rust-lang/crates.io-index)",
 "ryu 1.0.2 (registry+https://github.com/rust-lang/crates.io-index)",
 "static_assertions 0.3.4 (registry+https://github.com/rust-lang/crates.io-index)",
]

[[package]]
name = "ll1-core"
version = "0.1.0"
source = "git+https://github.com/MashPlant/lalr1#f2d914218571c7aed4021ab1d259195d7a0de885"
dependencies = [
 "bitset 0.1.0 (git+https://github.com/MashPlant/bitset)",
 "grammar-config 0.1.0 (git+https://github.com/MashPlant/lalr1)",
 "hashbrown 0.5.0 (registry+https://github.com/rust-lang/crates.io-index)",
 "indexmap 1.2.0 (registry+https://github.com/rust-lang/crates.io-index)",
 "smallvec 0.6.10 (registry+https://github.com/rust-lang/crates.io-index)",
]

[[package]]
name = "memchr"
version = "2.2.1"
source = "registry+https://github.com/rust-lang/crates.io-index"

[[package]]
name = "nodrop"
version = "0.1.14"
source = "registry+https://github.com/rust-lang/crates.io-index"

[[package]]
name = "nom"
version = "5.0.1"
source = "registry+https://github.com/rust-lang/crates.io-index"
dependencies = [
 "lexical-core 0.4.6 (registry+https://github.com/rust-lang/crates.io-index)",
 "memchr 2.2.1 (registry+https://github.com/rust-lang/crates.io-index)",
 "version_check 0.1.5 (registry+https://github.com/rust-lang/crates.io-index)",
]

[[package]]
name = "parser-gen"
version = "0.1.0"
source = "git+https://github.com/MashPlant/lalr1#f2d914218571c7aed4021ab1d259195d7a0de885"
dependencies = [
 "aho-corasick 0.7.6 (registry+https://github.com/rust-lang/crates.io-index)",
 "bitset 0.1.0 (git+https://github.com/MashPlant/bitset)",
 "grammar-config 0.1.0 (git+https://github.com/MashPlant/lalr1)",
 "hashbrown 0.5.0 (registry+https://github.com/rust-lang/crates.io-index)",
 "lalr1-core 0.1.0 (git+https://github.com/MashPlant/lalr1)",
 "ll1-core 0.1.0 (git+https://github.com/MashPlant/lalr1)",
 "re2dfa 1.0.0 (git+https://github.com/MashPlant/re2dfa)",
]

[[package]]
name = "parser-macros"
version = "0.1.0"
source = "git+https://github.com/MashPlant/lalr1#f2d914218571c7aed4021ab1d259195d7a0de885"
dependencies = [
 "grammar-config 0.1.0 (git+https://github.com/MashPlant/lalr1)",
 "indexmap 1.2.0 (registry+https://github.com/rust-lang/crates.io-index)",
 "lalr1-core 0.1.0 (git+https://github.com/MashPlant/lalr1)",
 "ll1-core 0.1.0 (git+https://github.com/MashPlant/lalr1)",
 "parser-gen 0.1.0 (git+https://github.com/MashPlant/lalr1)",
 "proc-macro2 0.4.30 (registry+https://github.com/rust-lang/crates.io-index)",
 "quote 0.6.13 (registry+https://github.com/rust-lang/crates.io-index)",
 "re2dfa 1.0.0 (git+https://github.com/MashPlant/re2dfa)",
 "serde 1.0.101 (registry+https://github.com/rust-lang/crates.io-index)",
 "serde_derive 1.0.101 (registry+https://github.com/rust-lang/crates.io-index)",
 "syn 0.15.44 (registry+https://github.com/rust-lang/crates.io-index)",
 "toml 0.5.3 (registry+https://github.com/rust-lang/crates.io-index)",
]

[[package]]
name = "print"
version = "0.1.0"
source = "git+https://github.com/MashPlant/re2dfa#d3544ab7dd45aca4ade81773ac88dd1ee67decd7"

[[package]]
name = "proc-macro2"
version = "0.4.30"
source = "registry+https://github.com/rust-lang/crates.io-index"
dependencies = [
 "unicode-xid 0.1.0 (registry+https://github.com/rust-lang/crates.io-index)",
]

[[package]]
name = "proc-macro2"
version = "1.0.5"
source = "registry+https://github.com/rust-lang/crates.io-index"
dependencies = [
 "unicode-xid 0.2.0 (registry+https://github.com/rust-lang/crates.io-index)",
]

[[package]]
name = "quote"
version = "0.6.13"
source = "registry+https://github.com/rust-lang/crates.io-index"
dependencies = [
 "proc-macro2 0.4.30 (registry+https://github.com/rust-lang/crates.io-index)",
]

[[package]]
name = "quote"
version = "1.0.2"
source = "registry+https://github.com/rust-lang/crates.io-index"
dependencies = [
 "proc-macro2 1.0.5 (registry+https://github.com/rust-lang/crates.io-index)",
]

[[package]]
name = "re2dfa"
version = "1.0.0"
source = "git+https://github.com/MashPlant/re2dfa#d3544ab7dd45aca4ade81773ac88dd1ee67decd7"
dependencies = [
 "bitset 0.1.0 (git+https://github.com/MashPlant/bitset)",
 "nom 5.0.1 (registry+https://github.com/rust-lang/crates.io-index)",
 "print 0.1.0 (git+https://github.com/MashPlant/re2dfa)",
 "smallvec 0.6.10 (registry+https://github.com/rust-lang/crates.io-index)",
]

[[package]]
name = "rustc_version"
version = "0.2.3"
source = "registry+https://github.com/rust-lang/crates.io-index"
dependencies = [
 "semver 0.9.0 (registry+https://github.com/rust-lang/crates.io-index)",
]

[[package]]
name = "ryu"
version = "1.0.2"
source = "registry+https://github.com/rust-lang/crates.io-index"

[[package]]
name = "semver"
version = "0.9.0"
source = "registry+https://github.com/rust-lang/crates.io-index"
dependencies = [
 "semver-parser 0.7.0 (registry+https://github.com/rust-lang/crates.io-index)",
]

[[package]]
name = "semver-parser"
version = "0.7.0"
source = "registry+https://github.com/rust-lang/crates.io-index"

[[package]]
name = "serde"
version = "1.0.101"
source = "registry+https://github.com/rust-lang/crates.io-index"
dependencies = [
 "serde_derive 1.0.101 (registry+https://github.com/rust-lang/crates.io-index)",
]

[[package]]
name = "serde_derive"
version = "1.0.101"
source = "registry+https://github.com/rust-lang/crates.io-index"
dependencies = [
 "proc-macro2 1.0.5 (registry+https://github.com/rust-lang/crates.io-index)",
 "quote 1.0.2 (registry+https://github.com/rust-lang/crates.io-index)",
 "syn 1.0.5 (registry+https://github.com/rust-lang/crates.io-index)",
]

[[package]]
name = "smallvec"
version = "0.6.10"
source = "registry+https://github.com/rust-lang/crates.io-index"

[[package]]
name = "static_assertions"
version = "0.3.4"
source = "registry+https://github.com/rust-lang/crates.io-index"

[[package]]
name = "syn"
version = "0.15.44"
source = "registry+https://github.com/rust-lang/crates.io-index"
dependencies = [
 "proc-macro2 0.4.30 (registry+https://github.com/rust-lang/crates.io-index)",
 "quote 0.6.13 (registry+https://github.com/rust-lang/crates.io-index)",
 "unicode-xid 0.1.0 (registry+https://github.com/rust-lang/crates.io-index)",
]

[[package]]
name = "syn"
version = "1.0.5"
source = "registry+https://github.com/rust-lang/crates.io-index"
dependencies = [
 "proc-macro2 1.0.5 (registry+https://github.com/rust-lang/crates.io-index)",
 "quote 1.0.2 (registry+https://github.com/rust-lang/crates.io-index)",
 "unicode-xid 0.2.0 (registry+https://github.com/rust-lang/crates.io-index)",
]

[[package]]
name = "toml"
version = "0.5.3"
source = "registry+https://github.com/rust-lang/crates.io-index"
dependencies = [
 "serde 1.0.101 (registry+https://github.com/rust-lang/crates.io-index)",
]

[[package]]
name = "typed-arena"
version = "1.6.1"
source = "registry+https://github.com/rust-lang/crates.io-index"

[[package]]
name = "unicode-xid"
version = "0.1.0"
source = "registry+https://github.com/rust-lang/crates.io-index"

[[package]]
name = "unicode-xid"
version = "0.2.0"
source = "registry+https://github.com/rust-lang/crates.io-index"

[[package]]
name = "version_check"
version = "0.1.5"
source = "registry+https://github.com/rust-lang/crates.io-index"

[metadata]
"checksum aho-corasick 0.7.6 (registry+https://github.com/rust-lang/crates.io-index)" = "58fb5e95d83b38284460a5fda7d6470aa0b8844d283a0b614b8535e880800d2d"
"checksum arrayvec 0.4.12 (registry+https://github.com/rust-lang/crates.io-index)" = "cd9fd44efafa8690358b7408d253adf110036b88f55672a933f01d616ad9b1b9"
"checksum bitset 0.1.0 (git+https://github.com/MashPlant/bitset)" = "<none>"
"checksum cfg-if 0.1.10 (registry+https://github.com/rust-lang/crates.io-index)" = "4785bdd1c96b2a846b2bd7cc02e86b6b3dbf14e7e53446c4f54c92a361040822"
"checksum grammar-config 0.1.0 (git+https://github.com/MashPlant/lalr1)" = "<none>"
"checksum hashbrown 0.5.0 (registry+https://github.com/rust-lang/crates.io-index)" = "e1de41fb8dba9714efd92241565cdff73f78508c95697dd56787d3cba27e2353"
"checksum indexmap 1.2.0 (registry+https://github.com/rust-lang/crates.io-index)" = "a61202fbe46c4a951e9404a720a0180bcf3212c750d735cb5c4ba4dc551299f3"
"checksum lalr1-core 0.1.0 (git+https://github.com/MashPlant/lalr1)" = "<none>"
"checksum lexical-core 0.4.6 (registry+https://github.com/rust-lang/crates.io-index)" = "2304bccb228c4b020f3a4835d247df0a02a7c4686098d4167762cfbbe4c5cb14"
"checksum ll1-core 0.1.0 (git+https://github.com/MashPlant/lalr1)" = "<none>"
"checksum memchr 2.2.1 (registry+https://github.com/rust-lang/crates.io-index)" = "88579771288728879b57485cc7d6b07d648c9f0141eb955f8ab7f9d45394468e"
"checksum nodrop 0.1.14 (registry+https://github.com/rust-lang/crates.io-index)" = "72ef4a56884ca558e5ddb05a1d1e7e1bfd9a68d9ed024c21704cc98872dae1bb"
"checksum nom 5.0.1 (registry+https://github.com/rust-lang/crates.io-index)" = "c618b63422da4401283884e6668d39f819a106ef51f5f59b81add00075da35ca"
"checksum parser-gen 0.1.0 (git+https://github.com/MashPlant/lalr1)" = "<none>"
"checksum parser-macros 0.1.0 (git+https://github.com/MashPlant/lalr1)" = "<none>"
"checksum print 0.1.0 (git+https://github.com/MashPlant/re2dfa)" = "<none>"
"checksum proc-macro2 0.4.30 (registry+https://github.com/rust-lang/crates.io-index)" = "cf3d2011ab5c909338f7887f4fc896d35932e29146c12c8d01da6b22a80ba759"
"checksum proc-macro2 1.0.5 (registry+https://github.com/rust-lang/crates.io-index)" = "90cf5f418035b98e655e9cdb225047638296b862b42411c4e45bb88d700f7fc0"
"checksum quote 0.6.13 (registry+https://github.com/rust-lang/crates.io-index)" = "6ce23b6b870e8f94f81fb0a363d65d86675884b34a09043c81e5562f11c1f8e1"
"checksum quote 1.0.2 (registry+https://github.com/rust-lang/crates.io-index)" = "053a8c8bcc71fcce321828dc897a98ab9760bef03a4fc36693c231e5b3216cfe"
"checksum re2dfa 1.0.0 (git+https://github.com/MashPlant/re2dfa)" = "<none>"
"checksum rustc_version 0.2.3 (registry+https://github.com/rust-lang/crates.io-index)" = "138e3e0acb6c9fb258b19b67cb8abd63c00679d2851805ea151465464fe9030a"
"checksum ryu 1.0.2 (registry+https://github.com/rust-lang/crates.io-index)" = "bfa8506c1de11c9c4e4c38863ccbe02a305c8188e85a05a784c9e11e1c3910c8"
"checksum semver 0.9.0 (registry+https://github.com/rust-lang/crates.io-index)" = "1d7eb9ef2c18661902cc47e535f9bc51b78acd254da71d375c2f6720d9a40403"
"checksum semver-parser 0.7.0 (registry+https://github.com/rust-lang/crates.io-index)" = "388a1df253eca08550bef6c72392cfe7c30914bf41df5269b68cbd6ff8f570a3"
"checksum serde 1.0.101 (registry+https://github.com/rust-lang/crates.io-index)" = "9796c9b7ba2ffe7a9ce53c2287dfc48080f4b2b362fcc245a259b3a7201119dd"
"checksum serde_derive 1.0.101 (registry+https://github.com/rust-lang/crates.io-index)" = "4b133a43a1ecd55d4086bd5b4dc6c1751c68b1bfbeba7a5040442022c7e7c02e"
"checksum smallvec 0.6.10 (registry+https://github.com/rust-lang/crates.io-index)" = "ab606a9c5e214920bb66c458cd7be8ef094f813f20fe77a54cc7dbfff220d4b7"
"checksum static_assertions 0.3.4 (registry+https://github.com/rust-lang/crates.io-index)" = "7f3eb36b47e512f8f1c9e3d10c2c1965bc992bd9cdb024fa581e2194501c83d3"
"checksum syn 0.15.44 (registry+https://github.com/rust-lang/crates.io-index)" = "9ca4b3b69a77cbe1ffc9e198781b7acb0c7365a883670e8f1c1bc66fba79a5c5"
"checksum syn 1.0.5 (registry+https://github.com/rust-lang/crates.io-index)" = "66850e97125af79138385e9b88339cbcd037e3f28ceab8c5ad98e64f0f1f80bf"
"checksum toml 0.5.3 (registry+https://github.com/rust-lang/crates.io-index)" = "c7aabe75941d914b72bf3e5d3932ed92ce0664d49d8432305a8b547c37227724"
"checksum typed-arena 1.6.1 (registry+https://github.com/rust-lang/crates.io-index)" = "9c0704a799d314795d3d847d519b284bae681ef9b1f3da99f7ebc7b47ba2e607"
"checksum unicode-xid 0.1.0 (registry+https://github.com/rust-lang/crates.io-index)" = "fc72304796d0818e357ead4e000d19c9c174ab23dc11093ac919054d20a6a7fc"
"checksum unicode-xid 0.2.0 (registry+https://github.com/rust-lang/crates.io-index)" = "826e7639553986605ec5979c7dd957c7895e93eabed50ab2ffa7f6128a75097c"
"checksum version_check 0.1.5 (registry+https://github.com/rust-lang/crates.io-index)" = "914b1a6776c4c929a602fafd8bc742e06365d4bcbe48c30f9cca5824f70dc9dd"
